
Microsoft Visual Studio Solution File, Format Version 12.00
# Visual Studio Version 17
VisualStudioVersion = 17.0.31903.59
MinimumVisualStudioVersion = 10.0.40219.1
Project("{2150E333-8FDC-42A3-9474-1A3956D46DE8}") = "Backend", "Backend", "{AC5B1F95-7BF4-3331-8834-7BEFE1173E93}"
EndProject
Project("{FAE04EC0-301F-11D3-BF4B-00C04F79EFBC}") = "UCR.ECCI.PI.ThemePark.Backend.Api", "Backend.Api\UCR.ECCI.PI.ThemePark.Backend.Api.csproj", "{39803D71-E54C-4044-A3BF-C4262E386DA8}"
EndProject
Project("{FAE04EC0-301F-11D3-BF4B-00C04F79EFBC}") = "UCR.ECCI.PI.ThemePark.Backend.Application", "Backend.Application\UCR.ECCI.PI.ThemePark.Backend.Application.csproj", "{980DBBE1-D25A-4407-B82C-01C7D90E205C}"
	ProjectSection(ProjectDependencies) = postProject
		{70F9855D-B362-465A-9F68-C19EE8A9EE18} = {70F9855D-B362-465A-9F68-C19EE8A9EE18}
	EndProjectSection
EndProject
Project("{FAE04EC0-301F-11D3-BF4B-00C04F79EFBC}") = "UCR.ECCI.PI.ThemePark.Backend.Domain", "Backend.Domain\UCR.ECCI.PI.ThemePark.Backend.Domain.csproj", "{70F9855D-B362-465A-9F68-C19EE8A9EE18}"
EndProject
Project("{FAE04EC0-301F-11D3-BF4B-00C04F79EFBC}") = "UCR.ECCI.PI.ThemePark.Backend.Application.Tests.Unit", "Backend.Application.Tests.Unit\UCR.ECCI.PI.ThemePark.Backend.Application.Tests.Unit.csproj", "{8095BE1E-50CE-462F-8052-B5AD5DCAFA49}"
EndProject
Project("{FAE04EC0-301F-11D3-BF4B-00C04F79EFBC}") = "UCR.ECCI.PI.ThemePark.Backend.Domain.Tests.Unit", "Backend.Domain.Tests.Unit\UCR.ECCI.PI.ThemePark.Backend.Domain.Tests.Unit.csproj", "{C2038AD3-EFBB-4094-AE07-03F315304294}"
EndProject
Project("{FAE04EC0-301F-11D3-BF4B-00C04F79EFBC}") = "UCR.ECCI.PI.ThemePark.Backend.Infrastructure", "Backend.Infrastructure\UCR.ECCI.PI.ThemePark.Backend.Infrastructure.csproj", "{1D30ACFE-BAB1-48F7-80DA-B2EE5D38827E}"
EndProject
Project("{FAE04EC0-301F-11D3-BF4B-00C04F79EFBC}") = "UCR.ECCI.PI.ThemePark.Backend.Infrastructure.Tests.Unit", "Backend.Infrastructure.Tests.Unit\UCR.ECCI.PI.ThemePark.Backend.Infrastructure.Tests.Unit.csproj", "{4E4CE49C-AB66-4623-9E7F-47CCE8703E7D}"
	ProjectSection(ProjectDependencies) = postProject
		{1D30ACFE-BAB1-48F7-80DA-B2EE5D38827E} = {1D30ACFE-BAB1-48F7-80DA-B2EE5D38827E}
	EndProjectSection
EndProject
Project("{FAE04EC0-301F-11D3-BF4B-00C04F79EFBC}") = "UCR.ECCI.PI.ThemePark.Backend.Presentation.Api", "Backend.Presentation.Api\UCR.ECCI.PI.ThemePark.Backend.Presentation.Api.csproj", "{27DDB846-3A57-4243-93E9-35F616C73AEF}"
EndProject
Project("{FAE04EC0-301F-11D3-BF4B-00C04F79EFBC}") = "UCR.ECCI.PI.ThemePark.Backend.Presentation.Api.Tests.Unit", "Backend.Presentation.Api.Tests.Unit\UCR.ECCI.PI.ThemePark.Backend.Presentation.Api.Tests.Unit.csproj", "{3870AF08-F3EE-44FF-9E19-F8568B035FE0}"
EndProject
Project("{2150E333-8FDC-42A3-9474-1A3956D46DE8}") = "Solution Items", "Solution Items", "{02EA681E-C7D8-13C7-8484-4AC65E1B71E8}"
	ProjectSection(SolutionItems) = preProject
		.editorconfig = .editorconfig
	EndProjectSection
EndProject
Project("{FAE04EC0-301F-11D3-BF4B-00C04F79EFBC}") = "UCR.ECCI.PI.ThemePark.Backend.DependencyInjection", "Backend.DependencyInjection\UCR.ECCI.PI.ThemePark.Backend.DependencyInjection.csproj", "{CC7E8074-0D87-4E23-B8FB-9E1C42F95CCD}"
EndProject
Project("{FAE04EC0-301F-11D3-BF4B-00C04F79EFBC}") = "UCR.ECCI.PI.ThemePark.Backend.Presentation.Mcp", "Backend.Presentation.Mcp\UCR.ECCI.PI.ThemePark.Backend.Presentation.Mcp.csproj", "{3CD2F056-0074-46B5-A1D0-CCDACD501489}"
EndProject
Project("{FAE04EC0-301F-11D3-BF4B-00C04F79EFBC}") = "UCR.ECCI.PI.ThemePark.Backend.Api.Tests.Unit", "Backend.Api.Tests.Unit\UCR.ECCI.PI.ThemePark.Backend.Api.Tests.Unit.csproj", "{70AD9FDE-970F-4D2B-B70E-9D34BFEFCB8F}"
EndProject
Project("{2150E333-8FDC-42A3-9474-1A3956D46DE8}") = "Frontend", "Frontend", "{CE609670-85B9-0D16-FB54-ED063D5D8A6D}"
EndProject
Project("{FAE04EC0-301F-11D3-BF4B-00C04F79EFBC}") = "UCR.ECCI.PI.ThemePark.Frontend.Application", "Frontend.Application\UCR.ECCI.PI.ThemePark.Frontend.Application.csproj", "{EB71764F-4052-4A39-A167-232862B7FCDC}"
EndProject
Project("{FAE04EC0-301F-11D3-BF4B-00C04F79EFBC}") = "UCR.ECCI.PI.ThemePark.Frontend.Application.Tests.Unit", "Frontend.Application.Tests.Unit\UCR.ECCI.PI.ThemePark.Frontend.Application.Tests.Unit.csproj", "{849FD052-AB3F-4EFE-B8FA-064B3766B92A}"
EndProject
Project("{FAE04EC0-301F-11D3-BF4B-00C04F79EFBC}") = "UCR.ECCI.PI.ThemePark.Frontend.Domain", "Frontend.Domain\UCR.ECCI.PI.ThemePark.Frontend.Domain.csproj", "{A6AF5EE7-C1B9-47AC-A36A-C01A7BC22446}"
EndProject
Project("{FAE04EC0-301F-11D3-BF4B-00C04F79EFBC}") = "UCR.ECCI.PI.ThemePark.Frontend.Domain.Tests.Unit", "Frontend.Domain.Tests.Unit\UCR.ECCI.PI.ThemePark.Frontend.Domain.Tests.Unit.csproj", "{C7D46115-4E89-428D-9A5F-CB012DFB61C8}"
EndProject
Project("{FAE04EC0-301F-11D3-BF4B-00C04F79EFBC}") = "UCR.ECCI.PI.ThemePark.Frontend.Infrastructure", "Frontend.Infrastructure\UCR.ECCI.PI.ThemePark.Frontend.Infrastructure.csproj", "{E94C4001-3069-43AE-A30B-6C9A8EDEA218}"
EndProject
Project("{FAE04EC0-301F-11D3-BF4B-00C04F79EFBC}") = "UCR.ECCI.PI.ThemePark.Frontend.Infrastructure.Tests.Unit", "Frontend.Infrastructure.Tests.Unit\UCR.ECCI.PI.ThemePark.Frontend.Infrastructure.Tests.Unit.csproj", "{3CABB90D-12CB-495E-9A8E-75FEF4BD126D}"
EndProject
Project("{FAE04EC0-301F-11D3-BF4B-00C04F79EFBC}") = "UCR.ECCI.PI.ThemePark.Frontend.DependencyInjection", "Frontend.DependencyInjection\UCR.ECCI.PI.ThemePark.Frontend.DependencyInjection.csproj", "{C86978CF-5F52-4585-B1E3-384AB199F299}"
EndProject
Project("{FAE04EC0-301F-11D3-BF4B-00C04F79EFBC}") = "UCR.ECCI.PI.ThemePark.Frontend.Presentation.Blazor", "Frontend.Presentation.Blazor\UCR.ECCI.PI.ThemePark.Frontend.Presentation.Blazor.csproj", "{6408A319-6B14-4E71-AFA1-BAD2F545C330}"
EndProject
Project("{FAE04EC0-301F-11D3-BF4B-00C04F79EFBC}") = "UCR.ECCI.PI.ThemePark.Frontend.Presentation.Blazor.Tests.Unit", "Frontend.Presentation.Blazor.Tests.Unit\UCR.ECCI.PI.ThemePark.Frontend.Presentation.Blazor.Tests.Unit.csproj", "{7DECA5C7-4DA4-4097-82DE-64AD8AB112BF}"
EndProject
Project("{FAE04EC0-301F-11D3-BF4B-00C04F79EFBC}") = "UCR.ECCI.PI.ThemePark.Frontend.Blazor", "Frontend.Blazor\UCR.ECCI.PI.ThemePark.Frontend.Blazor.csproj", "{50459962-998B-45CF-8B6B-723D4C9EC93E}"
EndProject
Project("{FAE04EC0-301F-11D3-BF4B-00C04F79EFBC}") = "UCR.ECCI.PI.ThemePark.Backend.Domain.Tests.Integration", "Backend.Domain.Tests.Integration\UCR.ECCI.PI.ThemePark.Backend.Domain.Tests.Integration.csproj", "{5BA4E4D7-4ECE-4323-84F0-D3CCBB1B3B96}"
EndProject
Project("{FAE04EC0-301F-11D3-BF4B-00C04F79EFBC}") = "UCR.ECCI.PI.ThemePark.Backend.Application.Tests.Integration", "Backend.Application.Tests.Integration\UCR.ECCI.PI.ThemePark.Backend.Application.Tests.Integration.csproj", "{C9F520EC-F7DA-4ABE-BCD9-90AAB89B8813}"
EndProject
Project("{FAE04EC0-301F-11D3-BF4B-00C04F79EFBC}") = "UCR.ECCI.PI.ThemePark.Backend.Infrastructure.Tests.Integration", "Backend.Infrastructure.Tests.Integration\UCR.ECCI.PI.ThemePark.Backend.Infrastructure.Tests.Integration.csproj", "{ED4B9751-7C17-43D7-8E7C-5564D96BD3A5}"
EndProject
Project("{FAE04EC0-301F-11D3-BF4B-00C04F79EFBC}") = "UCR.ECCI.PI.ThemePark.Backend.Presentation.Api.Tests.Integration", "Backend.Presentation.Api.Tests.Integration\UCR.ECCI.PI.ThemePark.Backend.Presentation.Api.Tests.Integration.csproj", "{2DF5FAB0-8E8A-4527-8903-505690DAF648}"
EndProject
Project("{FAE04EC0-301F-11D3-BF4B-00C04F79EFBC}") = "UCR.ECCI.PI.ThemePark.Backend.Api.Tests.Integration", "Backend.Api.Tests.Integration\UCR.ECCI.PI.ThemePark.Backend.Api.Tests.Integration.csproj", "{F41016B9-F217-425A-8721-CAD1012A9125}"
EndProject
Global
	GlobalSection(SolutionConfigurationPlatforms) = preSolution
		Debug|Any CPU = Debug|Any CPU
		Debug|x64 = Debug|x64
		Debug|x86 = Debug|x86
		Release|Any CPU = Release|Any CPU
		Release|x64 = Release|x64
		Release|x86 = Release|x86
	EndGlobalSection
	GlobalSection(ProjectConfigurationPlatforms) = postSolution
		{39803D71-E54C-4044-A3BF-C4262E386DA8}.Debug|Any CPU.ActiveCfg = Debug|Any CPU
		{39803D71-E54C-4044-A3BF-C4262E386DA8}.Debug|Any CPU.Build.0 = Debug|Any CPU
		{39803D71-E54C-4044-A3BF-C4262E386DA8}.Debug|x64.ActiveCfg = Debug|Any CPU
		{39803D71-E54C-4044-A3BF-C4262E386DA8}.Debug|x64.Build.0 = Debug|Any CPU
		{39803D71-E54C-4044-A3BF-C4262E386DA8}.Debug|x86.ActiveCfg = Debug|Any CPU
		{39803D71-E54C-4044-A3BF-C4262E386DA8}.Debug|x86.Build.0 = Debug|Any CPU
		{39803D71-E54C-4044-A3BF-C4262E386DA8}.Release|Any CPU.ActiveCfg = Release|Any CPU
		{39803D71-E54C-4044-A3BF-C4262E386DA8}.Release|Any CPU.Build.0 = Release|Any CPU
		{39803D71-E54C-4044-A3BF-C4262E386DA8}.Release|x64.ActiveCfg = Release|Any CPU
		{39803D71-E54C-4044-A3BF-C4262E386DA8}.Release|x64.Build.0 = Release|Any CPU
		{39803D71-E54C-4044-A3BF-C4262E386DA8}.Release|x86.ActiveCfg = Release|Any CPU
		{39803D71-E54C-4044-A3BF-C4262E386DA8}.Release|x86.Build.0 = Release|Any CPU
		{980DBBE1-D25A-4407-B82C-01C7D90E205C}.Debug|Any CPU.ActiveCfg = Debug|Any CPU
		{980DBBE1-D25A-4407-B82C-01C7D90E205C}.Debug|Any CPU.Build.0 = Debug|Any CPU
		{980DBBE1-D25A-4407-B82C-01C7D90E205C}.Debug|x64.ActiveCfg = Debug|Any CPU
		{980DBBE1-D25A-4407-B82C-01C7D90E205C}.Debug|x64.Build.0 = Debug|Any CPU
		{980DBBE1-D25A-4407-B82C-01C7D90E205C}.Debug|x86.ActiveCfg = Debug|Any CPU
		{980DBBE1-D25A-4407-B82C-01C7D90E205C}.Debug|x86.Build.0 = Debug|Any CPU
		{980DBBE1-D25A-4407-B82C-01C7D90E205C}.Release|Any CPU.ActiveCfg = Release|Any CPU
		{980DBBE1-D25A-4407-B82C-01C7D90E205C}.Release|Any CPU.Build.0 = Release|Any CPU
		{980DBBE1-D25A-4407-B82C-01C7D90E205C}.Release|x64.ActiveCfg = Release|Any CPU
		{980DBBE1-D25A-4407-B82C-01C7D90E205C}.Release|x64.Build.0 = Release|Any CPU
		{980DBBE1-D25A-4407-B82C-01C7D90E205C}.Release|x86.ActiveCfg = Release|Any CPU
		{980DBBE1-D25A-4407-B82C-01C7D90E205C}.Release|x86.Build.0 = Release|Any CPU
		{70F9855D-B362-465A-9F68-C19EE8A9EE18}.Debug|Any CPU.ActiveCfg = Debug|Any CPU
		{70F9855D-B362-465A-9F68-C19EE8A9EE18}.Debug|Any CPU.Build.0 = Debug|Any CPU
		{70F9855D-B362-465A-9F68-C19EE8A9EE18}.Debug|x64.ActiveCfg = Debug|Any CPU
		{70F9855D-B362-465A-9F68-C19EE8A9EE18}.Debug|x64.Build.0 = Debug|Any CPU
		{70F9855D-B362-465A-9F68-C19EE8A9EE18}.Debug|x86.ActiveCfg = Debug|Any CPU
		{70F9855D-B362-465A-9F68-C19EE8A9EE18}.Debug|x86.Build.0 = Debug|Any CPU
		{70F9855D-B362-465A-9F68-C19EE8A9EE18}.Release|Any CPU.ActiveCfg = Release|Any CPU
		{70F9855D-B362-465A-9F68-C19EE8A9EE18}.Release|Any CPU.Build.0 = Release|Any CPU
		{70F9855D-B362-465A-9F68-C19EE8A9EE18}.Release|x64.ActiveCfg = Release|Any CPU
		{70F9855D-B362-465A-9F68-C19EE8A9EE18}.Release|x64.Build.0 = Release|Any CPU
		{70F9855D-B362-465A-9F68-C19EE8A9EE18}.Release|x86.ActiveCfg = Release|Any CPU
		{70F9855D-B362-465A-9F68-C19EE8A9EE18}.Release|x86.Build.0 = Release|Any CPU
		{8095BE1E-50CE-462F-8052-B5AD5DCAFA49}.Debug|Any CPU.ActiveCfg = Debug|Any CPU
		{8095BE1E-50CE-462F-8052-B5AD5DCAFA49}.Debug|Any CPU.Build.0 = Debug|Any CPU
		{8095BE1E-50CE-462F-8052-B5AD5DCAFA49}.Debug|x64.ActiveCfg = Debug|Any CPU
		{8095BE1E-50CE-462F-8052-B5AD5DCAFA49}.Debug|x64.Build.0 = Debug|Any CPU
		{8095BE1E-50CE-462F-8052-B5AD5DCAFA49}.Debug|x86.ActiveCfg = Debug|Any CPU
		{8095BE1E-50CE-462F-8052-B5AD5DCAFA49}.Debug|x86.Build.0 = Debug|Any CPU
		{8095BE1E-50CE-462F-8052-B5AD5DCAFA49}.Release|Any CPU.ActiveCfg = Release|Any CPU
		{8095BE1E-50CE-462F-8052-B5AD5DCAFA49}.Release|Any CPU.Build.0 = Release|Any CPU
		{8095BE1E-50CE-462F-8052-B5AD5DCAFA49}.Release|x64.ActiveCfg = Release|Any CPU
		{8095BE1E-50CE-462F-8052-B5AD5DCAFA49}.Release|x64.Build.0 = Release|Any CPU
		{8095BE1E-50CE-462F-8052-B5AD5DCAFA49}.Release|x86.ActiveCfg = Release|Any CPU
		{8095BE1E-50CE-462F-8052-B5AD5DCAFA49}.Release|x86.Build.0 = Release|Any CPU
		{C2038AD3-EFBB-4094-AE07-03F315304294}.Debug|Any CPU.ActiveCfg = Debug|Any CPU
		{C2038AD3-EFBB-4094-AE07-03F315304294}.Debug|Any CPU.Build.0 = Debug|Any CPU
		{C2038AD3-EFBB-4094-AE07-03F315304294}.Debug|x64.ActiveCfg = Debug|Any CPU
		{C2038AD3-EFBB-4094-AE07-03F315304294}.Debug|x64.Build.0 = Debug|Any CPU
		{C2038AD3-EFBB-4094-AE07-03F315304294}.Debug|x86.ActiveCfg = Debug|Any CPU
		{C2038AD3-EFBB-4094-AE07-03F315304294}.Debug|x86.Build.0 = Debug|Any CPU
		{C2038AD3-EFBB-4094-AE07-03F315304294}.Release|Any CPU.ActiveCfg = Release|Any CPU
		{C2038AD3-EFBB-4094-AE07-03F315304294}.Release|Any CPU.Build.0 = Release|Any CPU
		{C2038AD3-EFBB-4094-AE07-03F315304294}.Release|x64.ActiveCfg = Release|Any CPU
		{C2038AD3-EFBB-4094-AE07-03F315304294}.Release|x64.Build.0 = Release|Any CPU
		{C2038AD3-EFBB-4094-AE07-03F315304294}.Release|x86.ActiveCfg = Release|Any CPU
		{C2038AD3-EFBB-4094-AE07-03F315304294}.Release|x86.Build.0 = Release|Any CPU
		{1D30ACFE-BAB1-48F7-80DA-B2EE5D38827E}.Debug|Any CPU.ActiveCfg = Debug|Any CPU
		{1D30ACFE-BAB1-48F7-80DA-B2EE5D38827E}.Debug|Any CPU.Build.0 = Debug|Any CPU
		{1D30ACFE-BAB1-48F7-80DA-B2EE5D38827E}.Debug|x64.ActiveCfg = Debug|Any CPU
		{1D30ACFE-BAB1-48F7-80DA-B2EE5D38827E}.Debug|x64.Build.0 = Debug|Any CPU
		{1D30ACFE-BAB1-48F7-80DA-B2EE5D38827E}.Debug|x86.ActiveCfg = Debug|Any CPU
		{1D30ACFE-BAB1-48F7-80DA-B2EE5D38827E}.Debug|x86.Build.0 = Debug|Any CPU
		{1D30ACFE-BAB1-48F7-80DA-B2EE5D38827E}.Release|Any CPU.ActiveCfg = Release|Any CPU
		{1D30ACFE-BAB1-48F7-80DA-B2EE5D38827E}.Release|Any CPU.Build.0 = Release|Any CPU
		{1D30ACFE-BAB1-48F7-80DA-B2EE5D38827E}.Release|x64.ActiveCfg = Release|Any CPU
		{1D30ACFE-BAB1-48F7-80DA-B2EE5D38827E}.Release|x64.Build.0 = Release|Any CPU
		{1D30ACFE-BAB1-48F7-80DA-B2EE5D38827E}.Release|x86.ActiveCfg = Release|Any CPU
		{1D30ACFE-BAB1-48F7-80DA-B2EE5D38827E}.Release|x86.Build.0 = Release|Any CPU
		{4E4CE49C-AB66-4623-9E7F-47CCE8703E7D}.Debug|Any CPU.ActiveCfg = Debug|Any CPU
		{4E4CE49C-AB66-4623-9E7F-47CCE8703E7D}.Debug|Any CPU.Build.0 = Debug|Any CPU
		{4E4CE49C-AB66-4623-9E7F-47CCE8703E7D}.Debug|x64.ActiveCfg = Debug|Any CPU
		{4E4CE49C-AB66-4623-9E7F-47CCE8703E7D}.Debug|x64.Build.0 = Debug|Any CPU
		{4E4CE49C-AB66-4623-9E7F-47CCE8703E7D}.Debug|x86.ActiveCfg = Debug|Any CPU
		{4E4CE49C-AB66-4623-9E7F-47CCE8703E7D}.Debug|x86.Build.0 = Debug|Any CPU
		{4E4CE49C-AB66-4623-9E7F-47CCE8703E7D}.Release|Any CPU.ActiveCfg = Release|Any CPU
		{4E4CE49C-AB66-4623-9E7F-47CCE8703E7D}.Release|Any CPU.Build.0 = Release|Any CPU
		{4E4CE49C-AB66-4623-9E7F-47CCE8703E7D}.Release|x64.ActiveCfg = Release|Any CPU
		{4E4CE49C-AB66-4623-9E7F-47CCE8703E7D}.Release|x64.Build.0 = Release|Any CPU
		{4E4CE49C-AB66-4623-9E7F-47CCE8703E7D}.Release|x86.ActiveCfg = Release|Any CPU
		{4E4CE49C-AB66-4623-9E7F-47CCE8703E7D}.Release|x86.Build.0 = Release|Any CPU
		{27DDB846-3A57-4243-93E9-35F616C73AEF}.Debug|Any CPU.ActiveCfg = Debug|Any CPU
		{27DDB846-3A57-4243-93E9-35F616C73AEF}.Debug|Any CPU.Build.0 = Debug|Any CPU
		{27DDB846-3A57-4243-93E9-35F616C73AEF}.Debug|x64.ActiveCfg = Debug|Any CPU
		{27DDB846-3A57-4243-93E9-35F616C73AEF}.Debug|x64.Build.0 = Debug|Any CPU
		{27DDB846-3A57-4243-93E9-35F616C73AEF}.Debug|x86.ActiveCfg = Debug|Any CPU
		{27DDB846-3A57-4243-93E9-35F616C73AEF}.Debug|x86.Build.0 = Debug|Any CPU
		{27DDB846-3A57-4243-93E9-35F616C73AEF}.Release|Any CPU.ActiveCfg = Release|Any CPU
		{27DDB846-3A57-4243-93E9-35F616C73AEF}.Release|Any CPU.Build.0 = Release|Any CPU
		{27DDB846-3A57-4243-93E9-35F616C73AEF}.Release|x64.ActiveCfg = Release|Any CPU
		{27DDB846-3A57-4243-93E9-35F616C73AEF}.Release|x64.Build.0 = Release|Any CPU
		{27DDB846-3A57-4243-93E9-35F616C73AEF}.Release|x86.ActiveCfg = Release|Any CPU
		{27DDB846-3A57-4243-93E9-35F616C73AEF}.Release|x86.Build.0 = Release|Any CPU
		{3870AF08-F3EE-44FF-9E19-F8568B035FE0}.Debug|Any CPU.ActiveCfg = Debug|Any CPU
		{3870AF08-F3EE-44FF-9E19-F8568B035FE0}.Debug|Any CPU.Build.0 = Debug|Any CPU
		{3870AF08-F3EE-44FF-9E19-F8568B035FE0}.Debug|x64.ActiveCfg = Debug|Any CPU
		{3870AF08-F3EE-44FF-9E19-F8568B035FE0}.Debug|x64.Build.0 = Debug|Any CPU
		{3870AF08-F3EE-44FF-9E19-F8568B035FE0}.Debug|x86.ActiveCfg = Debug|Any CPU
		{3870AF08-F3EE-44FF-9E19-F8568B035FE0}.Debug|x86.Build.0 = Debug|Any CPU
		{3870AF08-F3EE-44FF-9E19-F8568B035FE0}.Release|Any CPU.ActiveCfg = Release|Any CPU
		{3870AF08-F3EE-44FF-9E19-F8568B035FE0}.Release|Any CPU.Build.0 = Release|Any CPU
		{3870AF08-F3EE-44FF-9E19-F8568B035FE0}.Release|x64.ActiveCfg = Release|Any CPU
		{3870AF08-F3EE-44FF-9E19-F8568B035FE0}.Release|x64.Build.0 = Release|Any CPU
		{3870AF08-F3EE-44FF-9E19-F8568B035FE0}.Release|x86.ActiveCfg = Release|Any CPU
		{3870AF08-F3EE-44FF-9E19-F8568B035FE0}.Release|x86.Build.0 = Release|Any CPU
		{CC7E8074-0D87-4E23-B8FB-9E1C42F95CCD}.Debug|Any CPU.ActiveCfg = Debug|Any CPU
		{CC7E8074-0D87-4E23-B8FB-9E1C42F95CCD}.Debug|Any CPU.Build.0 = Debug|Any CPU
		{CC7E8074-0D87-4E23-B8FB-9E1C42F95CCD}.Debug|x64.ActiveCfg = Debug|Any CPU
		{CC7E8074-0D87-4E23-B8FB-9E1C42F95CCD}.Debug|x64.Build.0 = Debug|Any CPU
		{CC7E8074-0D87-4E23-B8FB-9E1C42F95CCD}.Debug|x86.ActiveCfg = Debug|Any CPU
		{CC7E8074-0D87-4E23-B8FB-9E1C42F95CCD}.Debug|x86.Build.0 = Debug|Any CPU
		{CC7E8074-0D87-4E23-B8FB-9E1C42F95CCD}.Release|Any CPU.ActiveCfg = Release|Any CPU
		{CC7E8074-0D87-4E23-B8FB-9E1C42F95CCD}.Release|Any CPU.Build.0 = Release|Any CPU
		{CC7E8074-0D87-4E23-B8FB-9E1C42F95CCD}.Release|x64.ActiveCfg = Release|Any CPU
		{CC7E8074-0D87-4E23-B8FB-9E1C42F95CCD}.Release|x64.Build.0 = Release|Any CPU
		{CC7E8074-0D87-4E23-B8FB-9E1C42F95CCD}.Release|x86.ActiveCfg = Release|Any CPU
		{CC7E8074-0D87-4E23-B8FB-9E1C42F95CCD}.Release|x86.Build.0 = Release|Any CPU
		{3CD2F056-0074-46B5-A1D0-CCDACD501489}.Debug|Any CPU.ActiveCfg = Debug|Any CPU
		{3CD2F056-0074-46B5-A1D0-CCDACD501489}.Debug|Any CPU.Build.0 = Debug|Any CPU
		{3CD2F056-0074-46B5-A1D0-CCDACD501489}.Debug|x64.ActiveCfg = Debug|Any CPU
		{3CD2F056-0074-46B5-A1D0-CCDACD501489}.Debug|x64.Build.0 = Debug|Any CPU
		{3CD2F056-0074-46B5-A1D0-CCDACD501489}.Debug|x86.ActiveCfg = Debug|Any CPU
		{3CD2F056-0074-46B5-A1D0-CCDACD501489}.Debug|x86.Build.0 = Debug|Any CPU
		{3CD2F056-0074-46B5-A1D0-CCDACD501489}.Release|Any CPU.ActiveCfg = Release|Any CPU
		{3CD2F056-0074-46B5-A1D0-CCDACD501489}.Release|Any CPU.Build.0 = Release|Any CPU
		{3CD2F056-0074-46B5-A1D0-CCDACD501489}.Release|x64.ActiveCfg = Release|Any CPU
		{3CD2F056-0074-46B5-A1D0-CCDACD501489}.Release|x64.Build.0 = Release|Any CPU
		{3CD2F056-0074-46B5-A1D0-CCDACD501489}.Release|x86.ActiveCfg = Release|Any CPU
		{3CD2F056-0074-46B5-A1D0-CCDACD501489}.Release|x86.Build.0 = Release|Any CPU
		{70AD9FDE-970F-4D2B-B70E-9D34BFEFCB8F}.Debug|Any CPU.ActiveCfg = Debug|Any CPU
		{70AD9FDE-970F-4D2B-B70E-9D34BFEFCB8F}.Debug|Any CPU.Build.0 = Debug|Any CPU
		{70AD9FDE-970F-4D2B-B70E-9D34BFEFCB8F}.Debug|x64.ActiveCfg = Debug|Any CPU
		{70AD9FDE-970F-4D2B-B70E-9D34BFEFCB8F}.Debug|x64.Build.0 = Debug|Any CPU
		{70AD9FDE-970F-4D2B-B70E-9D34BFEFCB8F}.Debug|x86.ActiveCfg = Debug|Any CPU
		{70AD9FDE-970F-4D2B-B70E-9D34BFEFCB8F}.Debug|x86.Build.0 = Debug|Any CPU
		{70AD9FDE-970F-4D2B-B70E-9D34BFEFCB8F}.Release|Any CPU.ActiveCfg = Release|Any CPU
		{70AD9FDE-970F-4D2B-B70E-9D34BFEFCB8F}.Release|Any CPU.Build.0 = Release|Any CPU
		{70AD9FDE-970F-4D2B-B70E-9D34BFEFCB8F}.Release|x64.ActiveCfg = Release|Any CPU
		{70AD9FDE-970F-4D2B-B70E-9D34BFEFCB8F}.Release|x64.Build.0 = Release|Any CPU
		{70AD9FDE-970F-4D2B-B70E-9D34BFEFCB8F}.Release|x86.ActiveCfg = Release|Any CPU
		{70AD9FDE-970F-4D2B-B70E-9D34BFEFCB8F}.Release|x86.Build.0 = Release|Any CPU
		{EB71764F-4052-4A39-A167-232862B7FCDC}.Debug|Any CPU.ActiveCfg = Debug|Any CPU
		{EB71764F-4052-4A39-A167-232862B7FCDC}.Debug|Any CPU.Build.0 = Debug|Any CPU
		{EB71764F-4052-4A39-A167-232862B7FCDC}.Debug|x64.ActiveCfg = Debug|Any CPU
		{EB71764F-4052-4A39-A167-232862B7FCDC}.Debug|x64.Build.0 = Debug|Any CPU
		{EB71764F-4052-4A39-A167-232862B7FCDC}.Debug|x86.ActiveCfg = Debug|Any CPU
		{EB71764F-4052-4A39-A167-232862B7FCDC}.Debug|x86.Build.0 = Debug|Any CPU
		{EB71764F-4052-4A39-A167-232862B7FCDC}.Release|Any CPU.ActiveCfg = Release|Any CPU
		{EB71764F-4052-4A39-A167-232862B7FCDC}.Release|Any CPU.Build.0 = Release|Any CPU
		{EB71764F-4052-4A39-A167-232862B7FCDC}.Release|x64.ActiveCfg = Release|Any CPU
		{EB71764F-4052-4A39-A167-232862B7FCDC}.Release|x64.Build.0 = Release|Any CPU
		{EB71764F-4052-4A39-A167-232862B7FCDC}.Release|x86.ActiveCfg = Release|Any CPU
		{EB71764F-4052-4A39-A167-232862B7FCDC}.Release|x86.Build.0 = Release|Any CPU
		{849FD052-AB3F-4EFE-B8FA-064B3766B92A}.Debug|Any CPU.ActiveCfg = Debug|Any CPU
		{849FD052-AB3F-4EFE-B8FA-064B3766B92A}.Debug|Any CPU.Build.0 = Debug|Any CPU
		{849FD052-AB3F-4EFE-B8FA-064B3766B92A}.Debug|x64.ActiveCfg = Debug|Any CPU
		{849FD052-AB3F-4EFE-B8FA-064B3766B92A}.Debug|x64.Build.0 = Debug|Any CPU
		{849FD052-AB3F-4EFE-B8FA-064B3766B92A}.Debug|x86.ActiveCfg = Debug|Any CPU
		{849FD052-AB3F-4EFE-B8FA-064B3766B92A}.Debug|x86.Build.0 = Debug|Any CPU
		{849FD052-AB3F-4EFE-B8FA-064B3766B92A}.Release|Any CPU.ActiveCfg = Release|Any CPU
		{849FD052-AB3F-4EFE-B8FA-064B3766B92A}.Release|Any CPU.Build.0 = Release|Any CPU
		{849FD052-AB3F-4EFE-B8FA-064B3766B92A}.Release|x64.ActiveCfg = Release|Any CPU
		{849FD052-AB3F-4EFE-B8FA-064B3766B92A}.Release|x64.Build.0 = Release|Any CPU
		{849FD052-AB3F-4EFE-B8FA-064B3766B92A}.Release|x86.ActiveCfg = Release|Any CPU
		{849FD052-AB3F-4EFE-B8FA-064B3766B92A}.Release|x86.Build.0 = Release|Any CPU
		{A6AF5EE7-C1B9-47AC-A36A-C01A7BC22446}.Debug|Any CPU.ActiveCfg = Debug|Any CPU
		{A6AF5EE7-C1B9-47AC-A36A-C01A7BC22446}.Debug|Any CPU.Build.0 = Debug|Any CPU
		{A6AF5EE7-C1B9-47AC-A36A-C01A7BC22446}.Debug|x64.ActiveCfg = Debug|Any CPU
		{A6AF5EE7-C1B9-47AC-A36A-C01A7BC22446}.Debug|x64.Build.0 = Debug|Any CPU
		{A6AF5EE7-C1B9-47AC-A36A-C01A7BC22446}.Debug|x86.ActiveCfg = Debug|Any CPU
		{A6AF5EE7-C1B9-47AC-A36A-C01A7BC22446}.Debug|x86.Build.0 = Debug|Any CPU
		{A6AF5EE7-C1B9-47AC-A36A-C01A7BC22446}.Release|Any CPU.ActiveCfg = Release|Any CPU
		{A6AF5EE7-C1B9-47AC-A36A-C01A7BC22446}.Release|Any CPU.Build.0 = Release|Any CPU
		{A6AF5EE7-C1B9-47AC-A36A-C01A7BC22446}.Release|x64.ActiveCfg = Release|Any CPU
		{A6AF5EE7-C1B9-47AC-A36A-C01A7BC22446}.Release|x64.Build.0 = Release|Any CPU
		{A6AF5EE7-C1B9-47AC-A36A-C01A7BC22446}.Release|x86.ActiveCfg = Release|Any CPU
		{A6AF5EE7-C1B9-47AC-A36A-C01A7BC22446}.Release|x86.Build.0 = Release|Any CPU
		{C7D46115-4E89-428D-9A5F-CB012DFB61C8}.Debug|Any CPU.ActiveCfg = Debug|Any CPU
		{C7D46115-4E89-428D-9A5F-CB012DFB61C8}.Debug|Any CPU.Build.0 = Debug|Any CPU
		{C7D46115-4E89-428D-9A5F-CB012DFB61C8}.Debug|x64.ActiveCfg = Debug|Any CPU
		{C7D46115-4E89-428D-9A5F-CB012DFB61C8}.Debug|x64.Build.0 = Debug|Any CPU
		{C7D46115-4E89-428D-9A5F-CB012DFB61C8}.Debug|x86.ActiveCfg = Debug|Any CPU
		{C7D46115-4E89-428D-9A5F-CB012DFB61C8}.Debug|x86.Build.0 = Debug|Any CPU
		{C7D46115-4E89-428D-9A5F-CB012DFB61C8}.Release|Any CPU.ActiveCfg = Release|Any CPU
		{C7D46115-4E89-428D-9A5F-CB012DFB61C8}.Release|Any CPU.Build.0 = Release|Any CPU
		{C7D46115-4E89-428D-9A5F-CB012DFB61C8}.Release|x64.ActiveCfg = Release|Any CPU
		{C7D46115-4E89-428D-9A5F-CB012DFB61C8}.Release|x64.Build.0 = Release|Any CPU
		{C7D46115-4E89-428D-9A5F-CB012DFB61C8}.Release|x86.ActiveCfg = Release|Any CPU
		{C7D46115-4E89-428D-9A5F-CB012DFB61C8}.Release|x86.Build.0 = Release|Any CPU
		{E94C4001-3069-43AE-A30B-6C9A8EDEA218}.Debug|Any CPU.ActiveCfg = Debug|Any CPU
		{E94C4001-3069-43AE-A30B-6C9A8EDEA218}.Debug|Any CPU.Build.0 = Debug|Any CPU
		{E94C4001-3069-43AE-A30B-6C9A8EDEA218}.Debug|x64.ActiveCfg = Debug|Any CPU
		{E94C4001-3069-43AE-A30B-6C9A8EDEA218}.Debug|x64.Build.0 = Debug|Any CPU
		{E94C4001-3069-43AE-A30B-6C9A8EDEA218}.Debug|x86.ActiveCfg = Debug|Any CPU
		{E94C4001-3069-43AE-A30B-6C9A8EDEA218}.Debug|x86.Build.0 = Debug|Any CPU
		{E94C4001-3069-43AE-A30B-6C9A8EDEA218}.Release|Any CPU.ActiveCfg = Release|Any CPU
		{E94C4001-3069-43AE-A30B-6C9A8EDEA218}.Release|Any CPU.Build.0 = Release|Any CPU
		{E94C4001-3069-43AE-A30B-6C9A8EDEA218}.Release|x64.ActiveCfg = Release|Any CPU
		{E94C4001-3069-43AE-A30B-6C9A8EDEA218}.Release|x64.Build.0 = Release|Any CPU
		{E94C4001-3069-43AE-A30B-6C9A8EDEA218}.Release|x86.ActiveCfg = Release|Any CPU
		{E94C4001-3069-43AE-A30B-6C9A8EDEA218}.Release|x86.Build.0 = Release|Any CPU
		{3CABB90D-12CB-495E-9A8E-75FEF4BD126D}.Debug|Any CPU.ActiveCfg = Debug|Any CPU
		{3CABB90D-12CB-495E-9A8E-75FEF4BD126D}.Debug|Any CPU.Build.0 = Debug|Any CPU
		{3CABB90D-12CB-495E-9A8E-75FEF4BD126D}.Debug|x64.ActiveCfg = Debug|Any CPU
		{3CABB90D-12CB-495E-9A8E-75FEF4BD126D}.Debug|x64.Build.0 = Debug|Any CPU
		{3CABB90D-12CB-495E-9A8E-75FEF4BD126D}.Debug|x86.ActiveCfg = Debug|Any CPU
		{3CABB90D-12CB-495E-9A8E-75FEF4BD126D}.Debug|x86.Build.0 = Debug|Any CPU
		{3CABB90D-12CB-495E-9A8E-75FEF4BD126D}.Release|Any CPU.ActiveCfg = Release|Any CPU
		{3CABB90D-12CB-495E-9A8E-75FEF4BD126D}.Release|Any CPU.Build.0 = Release|Any CPU
		{3CABB90D-12CB-495E-9A8E-75FEF4BD126D}.Release|x64.ActiveCfg = Release|Any CPU
		{3CABB90D-12CB-495E-9A8E-75FEF4BD126D}.Release|x64.Build.0 = Release|Any CPU
		{3CABB90D-12CB-495E-9A8E-75FEF4BD126D}.Release|x86.ActiveCfg = Release|Any CPU
		{3CABB90D-12CB-495E-9A8E-75FEF4BD126D}.Release|x86.Build.0 = Release|Any CPU
		{C86978CF-5F52-4585-B1E3-384AB199F299}.Debug|Any CPU.ActiveCfg = Debug|Any CPU
		{C86978CF-5F52-4585-B1E3-384AB199F299}.Debug|Any CPU.Build.0 = Debug|Any CPU
		{C86978CF-5F52-4585-B1E3-384AB199F299}.Debug|x64.ActiveCfg = Debug|Any CPU
		{C86978CF-5F52-4585-B1E3-384AB199F299}.Debug|x64.Build.0 = Debug|Any CPU
		{C86978CF-5F52-4585-B1E3-384AB199F299}.Debug|x86.ActiveCfg = Debug|Any CPU
		{C86978CF-5F52-4585-B1E3-384AB199F299}.Debug|x86.Build.0 = Debug|Any CPU
		{C86978CF-5F52-4585-B1E3-384AB199F299}.Release|Any CPU.ActiveCfg = Release|Any CPU
		{C86978CF-5F52-4585-B1E3-384AB199F299}.Release|Any CPU.Build.0 = Release|Any CPU
		{C86978CF-5F52-4585-B1E3-384AB199F299}.Release|x64.ActiveCfg = Release|Any CPU
		{C86978CF-5F52-4585-B1E3-384AB199F299}.Release|x64.Build.0 = Release|Any CPU
		{C86978CF-5F52-4585-B1E3-384AB199F299}.Release|x86.ActiveCfg = Release|Any CPU
		{C86978CF-5F52-4585-B1E3-384AB199F299}.Release|x86.Build.0 = Release|Any CPU
		{6408A319-6B14-4E71-AFA1-BAD2F545C330}.Debug|Any CPU.ActiveCfg = Debug|Any CPU
		{6408A319-6B14-4E71-AFA1-BAD2F545C330}.Debug|Any CPU.Build.0 = Debug|Any CPU
		{6408A319-6B14-4E71-AFA1-BAD2F545C330}.Debug|x64.ActiveCfg = Debug|Any CPU
		{6408A319-6B14-4E71-AFA1-BAD2F545C330}.Debug|x64.Build.0 = Debug|Any CPU
		{6408A319-6B14-4E71-AFA1-BAD2F545C330}.Debug|x86.ActiveCfg = Debug|Any CPU
		{6408A319-6B14-4E71-AFA1-BAD2F545C330}.Debug|x86.Build.0 = Debug|Any CPU
		{6408A319-6B14-4E71-AFA1-BAD2F545C330}.Release|Any CPU.ActiveCfg = Release|Any CPU
		{6408A319-6B14-4E71-AFA1-BAD2F545C330}.Release|Any CPU.Build.0 = Release|Any CPU
		{6408A319-6B14-4E71-AFA1-BAD2F545C330}.Release|x64.ActiveCfg = Release|Any CPU
		{6408A319-6B14-4E71-AFA1-BAD2F545C330}.Release|x64.Build.0 = Release|Any CPU
		{6408A319-6B14-4E71-AFA1-BAD2F545C330}.Release|x86.ActiveCfg = Release|Any CPU
		{6408A319-6B14-4E71-AFA1-BAD2F545C330}.Release|x86.Build.0 = Release|Any CPU
		{7DECA5C7-4DA4-4097-82DE-64AD8AB112BF}.Debug|Any CPU.ActiveCfg = Debug|Any CPU
		{7DECA5C7-4DA4-4097-82DE-64AD8AB112BF}.Debug|Any CPU.Build.0 = Debug|Any CPU
		{7DECA5C7-4DA4-4097-82DE-64AD8AB112BF}.Debug|x64.ActiveCfg = Debug|Any CPU
		{7DECA5C7-4DA4-4097-82DE-64AD8AB112BF}.Debug|x64.Build.0 = Debug|Any CPU
		{7DECA5C7-4DA4-4097-82DE-64AD8AB112BF}.Debug|x86.ActiveCfg = Debug|Any CPU
		{7DECA5C7-4DA4-4097-82DE-64AD8AB112BF}.Debug|x86.Build.0 = Debug|Any CPU
		{7DECA5C7-4DA4-4097-82DE-64AD8AB112BF}.Release|Any CPU.ActiveCfg = Release|Any CPU
		{7DECA5C7-4DA4-4097-82DE-64AD8AB112BF}.Release|Any CPU.Build.0 = Release|Any CPU
		{7DECA5C7-4DA4-4097-82DE-64AD8AB112BF}.Release|x64.ActiveCfg = Release|Any CPU
		{7DECA5C7-4DA4-4097-82DE-64AD8AB112BF}.Release|x64.Build.0 = Release|Any CPU
		{7DECA5C7-4DA4-4097-82DE-64AD8AB112BF}.Release|x86.ActiveCfg = Release|Any CPU
		{7DECA5C7-4DA4-4097-82DE-64AD8AB112BF}.Release|x86.Build.0 = Release|Any CPU
		{50459962-998B-45CF-8B6B-723D4C9EC93E}.Debug|Any CPU.ActiveCfg = Debug|Any CPU
		{50459962-998B-45CF-8B6B-723D4C9EC93E}.Debug|Any CPU.Build.0 = Debug|Any CPU
		{50459962-998B-45CF-8B6B-723D4C9EC93E}.Debug|x64.ActiveCfg = Debug|Any CPU
		{50459962-998B-45CF-8B6B-723D4C9EC93E}.Debug|x64.Build.0 = Debug|Any CPU
		{50459962-998B-45CF-8B6B-723D4C9EC93E}.Debug|x86.ActiveCfg = Debug|Any CPU
		{50459962-998B-45CF-8B6B-723D4C9EC93E}.Debug|x86.Build.0 = Debug|Any CPU
		{50459962-998B-45CF-8B6B-723D4C9EC93E}.Release|Any CPU.ActiveCfg = Release|Any CPU
		{50459962-998B-45CF-8B6B-723D4C9EC93E}.Release|Any CPU.Build.0 = Release|Any CPU
		{50459962-998B-45CF-8B6B-723D4C9EC93E}.Release|x64.ActiveCfg = Release|Any CPU
		{50459962-998B-45CF-8B6B-723D4C9EC93E}.Release|x64.Build.0 = Release|Any CPU
		{50459962-998B-45CF-8B6B-723D4C9EC93E}.Release|x86.ActiveCfg = Release|Any CPU
		{50459962-998B-45CF-8B6B-723D4C9EC93E}.Release|x86.Build.0 = Release|Any CPU
		{5BA4E4D7-4ECE-4323-84F0-D3CCBB1B3B96}.Debug|Any CPU.ActiveCfg = Debug|Any CPU
		{5BA4E4D7-4ECE-4323-84F0-D3CCBB1B3B96}.Debug|Any CPU.Build.0 = Debug|Any CPU
		{5BA4E4D7-4ECE-4323-84F0-D3CCBB1B3B96}.Debug|x64.ActiveCfg = Debug|Any CPU
		{5BA4E4D7-4ECE-4323-84F0-D3CCBB1B3B96}.Debug|x64.Build.0 = Debug|Any CPU
		{5BA4E4D7-4ECE-4323-84F0-D3CCBB1B3B96}.Debug|x86.ActiveCfg = Debug|Any CPU
		{5BA4E4D7-4ECE-4323-84F0-D3CCBB1B3B96}.Debug|x86.Build.0 = Debug|Any CPU
		{5BA4E4D7-4ECE-4323-84F0-D3CCBB1B3B96}.Release|Any CPU.ActiveCfg = Release|Any CPU
		{5BA4E4D7-4ECE-4323-84F0-D3CCBB1B3B96}.Release|Any CPU.Build.0 = Release|Any CPU
		{5BA4E4D7-4ECE-4323-84F0-D3CCBB1B3B96}.Release|x64.ActiveCfg = Release|Any CPU
		{5BA4E4D7-4ECE-4323-84F0-D3CCBB1B3B96}.Release|x64.Build.0 = Release|Any CPU
		{5BA4E4D7-4ECE-4323-84F0-D3CCBB1B3B96}.Release|x86.ActiveCfg = Release|Any CPU
		{5BA4E4D7-4ECE-4323-84F0-D3CCBB1B3B96}.Release|x86.Build.0 = Release|Any CPU
		{C9F520EC-F7DA-4ABE-BCD9-90AAB89B8813}.Debug|Any CPU.ActiveCfg = Debug|Any CPU
		{C9F520EC-F7DA-4ABE-BCD9-90AAB89B8813}.Debug|Any CPU.Build.0 = Debug|Any CPU
		{C9F520EC-F7DA-4ABE-BCD9-90AAB89B8813}.Debug|x64.ActiveCfg = Debug|Any CPU
		{C9F520EC-F7DA-4ABE-BCD9-90AAB89B8813}.Debug|x64.Build.0 = Debug|Any CPU
		{C9F520EC-F7DA-4ABE-BCD9-90AAB89B8813}.Debug|x86.ActiveCfg = Debug|Any CPU
		{C9F520EC-F7DA-4ABE-BCD9-90AAB89B8813}.Debug|x86.Build.0 = Debug|Any CPU
		{C9F520EC-F7DA-4ABE-BCD9-90AAB89B8813}.Release|Any CPU.ActiveCfg = Release|Any CPU
		{C9F520EC-F7DA-4ABE-BCD9-90AAB89B8813}.Release|Any CPU.Build.0 = Release|Any CPU
		{C9F520EC-F7DA-4ABE-BCD9-90AAB89B8813}.Release|x64.ActiveCfg = Release|Any CPU
		{C9F520EC-F7DA-4ABE-BCD9-90AAB89B8813}.Release|x64.Build.0 = Release|Any CPU
		{C9F520EC-F7DA-4ABE-BCD9-90AAB89B8813}.Release|x86.ActiveCfg = Release|Any CPU
		{C9F520EC-F7DA-4ABE-BCD9-90AAB89B8813}.Release|x86.Build.0 = Release|Any CPU
		{ED4B9751-7C17-43D7-8E7C-5564D96BD3A5}.Debug|Any CPU.ActiveCfg = Debug|Any CPU
		{ED4B9751-7C17-43D7-8E7C-5564D96BD3A5}.Debug|Any CPU.Build.0 = Debug|Any CPU
		{ED4B9751-7C17-43D7-8E7C-5564D96BD3A5}.Debug|x64.ActiveCfg = Debug|Any CPU
		{ED4B9751-7C17-43D7-8E7C-5564D96BD3A5}.Debug|x64.Build.0 = Debug|Any CPU
		{ED4B9751-7C17-43D7-8E7C-5564D96BD3A5}.Debug|x86.ActiveCfg = Debug|Any CPU
		{ED4B9751-7C17-43D7-8E7C-5564D96BD3A5}.Debug|x86.Build.0 = Debug|Any CPU
		{ED4B9751-7C17-43D7-8E7C-5564D96BD3A5}.Release|Any CPU.ActiveCfg = Release|Any CPU
		{ED4B9751-7C17-43D7-8E7C-5564D96BD3A5}.Release|Any CPU.Build.0 = Release|Any CPU
		{ED4B9751-7C17-43D7-8E7C-5564D96BD3A5}.Release|x64.ActiveCfg = Release|Any CPU
		{ED4B9751-7C17-43D7-8E7C-5564D96BD3A5}.Release|x64.Build.0 = Release|Any CPU
		{ED4B9751-7C17-43D7-8E7C-5564D96BD3A5}.Release|x86.ActiveCfg = Release|Any CPU
		{ED4B9751-7C17-43D7-8E7C-5564D96BD3A5}.Release|x86.Build.0 = Release|Any CPU
		{2DF5FAB0-8E8A-4527-8903-505690DAF648}.Debug|Any CPU.ActiveCfg = Debug|Any CPU
		{2DF5FAB0-8E8A-4527-8903-505690DAF648}.Debug|Any CPU.Build.0 = Debug|Any CPU
		{2DF5FAB0-8E8A-4527-8903-505690DAF648}.Debug|x64.ActiveCfg = Debug|Any CPU
		{2DF5FAB0-8E8A-4527-8903-505690DAF648}.Debug|x64.Build.0 = Debug|Any CPU
		{2DF5FAB0-8E8A-4527-8903-505690DAF648}.Debug|x86.ActiveCfg = Debug|Any CPU
		{2DF5FAB0-8E8A-4527-8903-505690DAF648}.Debug|x86.Build.0 = Debug|Any CPU
		{2DF5FAB0-8E8A-4527-8903-505690DAF648}.Release|Any CPU.ActiveCfg = Release|Any CPU
		{2DF5FAB0-8E8A-4527-8903-505690DAF648}.Release|Any CPU.Build.0 = Release|Any CPU
		{2DF5FAB0-8E8A-4527-8903-505690DAF648}.Release|x64.ActiveCfg = Release|Any CPU
		{2DF5FAB0-8E8A-4527-8903-505690DAF648}.Release|x64.Build.0 = Release|Any CPU
		{2DF5FAB0-8E8A-4527-8903-505690DAF648}.Release|x86.ActiveCfg = Release|Any CPU
		{2DF5FAB0-8E8A-4527-8903-505690DAF648}.Release|x86.Build.0 = Release|Any CPU
		{F41016B9-F217-425A-8721-CAD1012A9125}.Debug|Any CPU.ActiveCfg = Debug|Any CPU
		{F41016B9-F217-425A-8721-CAD1012A9125}.Debug|Any CPU.Build.0 = Debug|Any CPU
		{F41016B9-F217-425A-8721-CAD1012A9125}.Debug|x64.ActiveCfg = Debug|Any CPU
		{F41016B9-F217-425A-8721-CAD1012A9125}.Debug|x64.Build.0 = Debug|Any CPU
		{F41016B9-F217-425A-8721-CAD1012A9125}.Debug|x86.ActiveCfg = Debug|Any CPU
		{F41016B9-F217-425A-8721-CAD1012A9125}.Debug|x86.Build.0 = Debug|Any CPU
		{F41016B9-F217-425A-8721-CAD1012A9125}.Release|Any CPU.ActiveCfg = Release|Any CPU
		{F41016B9-F217-425A-8721-CAD1012A9125}.Release|Any CPU.Build.0 = Release|Any CPU
		{F41016B9-F217-425A-8721-CAD1012A9125}.Release|x64.ActiveCfg = Release|Any CPU
		{F41016B9-F217-425A-8721-CAD1012A9125}.Release|x64.Build.0 = Release|Any CPU
		{F41016B9-F217-425A-8721-CAD1012A9125}.Release|x86.ActiveCfg = Release|Any CPU
		{F41016B9-F217-425A-8721-CAD1012A9125}.Release|x86.Build.0 = Release|Any CPU
	EndGlobalSection
	GlobalSection(SolutionProperties) = preSolution
		HideSolutionNode = FALSE
	EndGlobalSection
	GlobalSection(NestedProjects) = preSolution
		{39803D71-E54C-4044-A3BF-C4262E386DA8} = {AC5B1F95-7BF4-3331-8834-7BEFE1173E93}
		{980DBBE1-D25A-4407-B82C-01C7D90E205C} = {AC5B1F95-7BF4-3331-8834-7BEFE1173E93}
		{70F9855D-B362-465A-9F68-C19EE8A9EE18} = {AC5B1F95-7BF4-3331-8834-7BEFE1173E93}
		{8095BE1E-50CE-462F-8052-B5AD5DCAFA49} = {AC5B1F95-7BF4-3331-8834-7BEFE1173E93}
		{C2038AD3-EFBB-4094-AE07-03F315304294} = {AC5B1F95-7BF4-3331-8834-7BEFE1173E93}
		{1D30ACFE-BAB1-48F7-80DA-B2EE5D38827E} = {AC5B1F95-7BF4-3331-8834-7BEFE1173E93}
		{4E4CE49C-AB66-4623-9E7F-47CCE8703E7D} = {AC5B1F95-7BF4-3331-8834-7BEFE1173E93}
		{27DDB846-3A57-4243-93E9-35F616C73AEF} = {AC5B1F95-7BF4-3331-8834-7BEFE1173E93}
		{3870AF08-F3EE-44FF-9E19-F8568B035FE0} = {AC5B1F95-7BF4-3331-8834-7BEFE1173E93}
		{CC7E8074-0D87-4E23-B8FB-9E1C42F95CCD} = {AC5B1F95-7BF4-3331-8834-7BEFE1173E93}
		{3CD2F056-0074-46B5-A1D0-CCDACD501489} = {AC5B1F95-7BF4-3331-8834-7BEFE1173E93}
		{70AD9FDE-970F-4D2B-B70E-9D34BFEFCB8F} = {AC5B1F95-7BF4-3331-8834-7BEFE1173E93}
		{EB71764F-4052-4A39-A167-232862B7FCDC} = {CE609670-85B9-0D16-FB54-ED063D5D8A6D}
		{849FD052-AB3F-4EFE-B8FA-064B3766B92A} = {CE609670-85B9-0D16-FB54-ED063D5D8A6D}
		{A6AF5EE7-C1B9-47AC-A36A-C01A7BC22446} = {CE609670-85B9-0D16-FB54-ED063D5D8A6D}
		{C7D46115-4E89-428D-9A5F-CB012DFB61C8} = {CE609670-85B9-0D16-FB54-ED063D5D8A6D}
		{E94C4001-3069-43AE-A30B-6C9A8EDEA218} = {CE609670-85B9-0D16-FB54-ED063D5D8A6D}
		{3CABB90D-12CB-495E-9A8E-75FEF4BD126D} = {CE609670-85B9-0D16-FB54-ED063D5D8A6D}
		{C86978CF-5F52-4585-B1E3-384AB199F299} = {CE609670-85B9-0D16-FB54-ED063D5D8A6D}
		{6408A319-6B14-4E71-AFA1-BAD2F545C330} = {CE609670-85B9-0D16-FB54-ED063D5D8A6D}
		{7DECA5C7-4DA4-4097-82DE-64AD8AB112BF} = {CE609670-85B9-0D16-FB54-ED063D5D8A6D}
		{50459962-998B-45CF-8B6B-723D4C9EC93E} = {CE609670-85B9-0D16-FB54-ED063D5D8A6D}
		{5BA4E4D7-4ECE-4323-84F0-D3CCBB1B3B96} = {AC5B1F95-7BF4-3331-8834-7BEFE1173E93}
		{C9F520EC-F7DA-4ABE-BCD9-90AAB89B8813} = {AC5B1F95-7BF4-3331-8834-7BEFE1173E93}
		{ED4B9751-7C17-43D7-8E7C-5564D96BD3A5} = {AC5B1F95-7BF4-3331-8834-7BEFE1173E93}
		{2DF5FAB0-8E8A-4527-8903-505690DAF648} = {AC5B1F95-7BF4-3331-8834-7BEFE1173E93}
		{F41016B9-F217-425A-8721-CAD1012A9125} = {AC5B1F95-7BF4-3331-8834-7BEFE1173E93}
	EndGlobalSection
	GlobalSection(ExtensibilityGlobals) = postSolution
		SolutionGuid = {E4703F6F-1783-4A0B-9BF7-99B826A2E994}
	EndGlobalSection
EndGlobal
